github.com/andybalholm/brotli v1.0.4 h1:V7DdXeJtZscaqfNuAdSRuRFzuiKlHSC/Zh3zl9qY3JY=
github.com/andybalholm/brotli v1.0.4/go.mod h1:fO7iG3H7G2nSZ7m0zPUDn85XEX2GTukHGRSepvi9Eig=
github.com/dsnet/compress v0.0.2-0.20210315054119-f66993602bf5 h1:iFaUwBSo5Svw6L7HYpRu/0lE3e0BaElwnNO1qkNQxBY=
github.com/dsnet/compress v0.0.2-0.20210315054119-f66993602bf5/go.mod h1:qssHWj60/X5sZFNxpG4HBPDHVqxNm4DfnCKgrbZOT+s=
github.com/dsnet/golib v0.0.0-20171103203638-1ea166775780/go.mod h1:Lj+Z9rebOhdfkVLjJ8T6VcRQv3SXugXy999NBtR9aFY=
github.com/golang/snappy v0.0.2 h1:aeE13tS0IiQgFjYdoL8qN3K1N2bXXtI6Vi51/y7BpMw=
github.com/golang/snappy v0.0.2/go.mod h1:/XxbfmMg8lxefKM7IXC3fBNl/7bRcc72aCRzEWrmP2Q=
github.com/google/go-cmp v0.5.5/go.mod h1:v8dTdLbMG2kIc/vJvl+f65V22dbkXbowE6jgT/gNBxE=
github.com/klauspost/compress v1.4.1/go.mod h1:RyIbtBH6LamlWaDj8nUwkbUhJ87Yi3uG0guNDohfE1A=
github.com/klauspost/cpuid v1.2.0/go.mod h1:Pj4uuM528wm8OyEC2QMXAi2YiTZ96dNQPGgoMS4s3ek=
github.com/nwaples/rardecode v1.1.0 h1:vSxaY8vQhOcVr4mm5e8XllHWTiM4JF507A0Katqw7MQ=
github.com/nwaples/rardecode v1.1.0/go.mod h1:5DzqNKiOdpKKBH87u8VlvAnPZMXcGRhxWkRpHbbfGS0=
github.com/pierrec/lz4/v4 v4.1.2 h1:qvY3YFXRQE/XB8MlLzJH7mSzBs74eA2gg52YTk6jUPM=
github.com/pierrec/lz4/v4 v4.1.2/go.mod h1:gZWDp/Ze/IJXGXf23ltt2EXimqmTUXEy0GFuRQyBid4=
github.com/tomcruise81/compress v1.13.7-0.20211123185636-d048ef421d9b h1:rcKMZvRw5g+0+8bOTUcea/ns4zpRgAvoeC0u8W2I+qA=
github.com/tomcruise81/compress v1.13.7-0.20211123185636-d048ef421d9b/go.mod h1:xRMCqXko8sQNRPKkCHfAJBjO3adON9nmDdrqvEsg/kM=
github.com/tomcruise81/pgzip v1.2.6-0.20211130145713-c660dc3c08eb h1:XxScRQXSbBX4XV9un+szxJ5FUayrCsEPdPglf3Hgvuk=
github.com/tomcruise81/pgzip v1.2.6-0.20211130145713-c660dc3c08eb/go.mod h1:7Ro2WDl0/EkFOOrK/fNN5291iI58rF1/tGr3XnXrmMg=
github.com/tomcruise81/xz v0.0.0-20211130182258-4155c7cda286 h1:bRD7DF28mJNGSMjIwjxNBDV2Pkd5M3SiVoBhNvJbRn0=
github.com/tomcruise81/xz v0.0.0-20211130182258-4155c7cda286/go.mod h1:0T+gVgJPz/b1j6kBqOtKpbQ6Qe58Nz2gbwvJcRABt2k=
github.com/ulikunitz/xz v0.5.8/go.mod h1:nbz6k7qbPmH4IRqmfOplQw/tblSgqTqBwxkY0oWt/14=
github.com/ulikunitz/xz v0.5.9 h1:RsKRIA2MO8x56wkkcd3LbtcE/uMszhb6DpRf+3uwa3I=
github.com/ulikunitz/xz v0.5.9/go.mod h1:nbz6k7qbPmH4IRqmfOplQw/tblSgqTqBwxkY0oWt/14=
golang.org/x/xerrors v0.0.0-20191204190536-9bdfabe68543/go.mod h1:I/5z698sn9Ka8TeJc9MKroUUfqBBauWjQqLJ2OPfmY0=
